
Microsoft Visual Studio Solution File, Format Version 12.00
# Visual Studio Version 16
VisualStudioVersion = 16.0.31424.327
MinimumVisualStudioVersion = 10.0.40219.1
Project("{FAE04EC0-301F-11D3-BF4B-00C04F79EFBC}") = "Scream", "Scream\Scream.csproj", "{17369FBE-AC1A-40A9-B1C4-A21D67867F7B}"
EndProject
Global
	GlobalSection(SolutionConfigurationPlatforms) = preSolution
		Debug|Any CPU = Debug|Any CPU
		Release|Any CPU = Release|Any CPU
	EndGlobalSection
	GlobalSection(ProjectConfigurationPlatforms) = postSolution
		{17369FBE-AC1A-40A9-B1C4-A21D67867F7B}.Debug|Any CPU.ActiveCfg = Debug|Any CPU
		{17369FBE-AC1A-40A9-B1C4-A21D67867F7B}.Debug|Any CPU.Build.0 = Debug|Any CPU
		{17369FBE-AC1A-40A9-B1C4-A21D67867F7B}.Release|Any CPU.ActiveCfg = Release|Any CPU
		{17369FBE-AC1A-40A9-B1C4-A21D67867F7B}.Release|Any CPU.Build.0 = Release|Any CPU
	EndGlobalSection
	GlobalSection(SolutionProperties) = preSolution
		HideSolutionNode = FALSE
	EndGlobalSection
	GlobalSection(ExtensibilityGlobals) = postSolution
		SolutionGuid = {0EAB6D81-BE6F-472D-B5D0-DFFD90A356EB}
	EndGlobalSection
EndGlobal
